{
  "requires": true,
  "lockfileVersion": 1,
  "dependencies": {
    "@hyperapp/time": {
      "version": "0.0.5",
      "resolved": "http://nexus.aic.serpro/repository/npmjs-registry/@hyperapp/time/-/time-0.0.5.tgz",
      "integrity": "sha512-E6ztCOUauvyLPYpcgUWUKFU7p9Rmk8lyWy72YUspqmZffuhemoG/QuKc7RcJ6X1f9tvTHmjNCRaQGKn1judQcA=="
    },
    "hyperapp": {
      "version": "2.0.0-beta.4",
      "resolved": "http://nexus.aic.serpro/repository/npmjs-registry/hyperapp/-/hyperapp-2.0.0-beta.4.tgz",
      "integrity": "sha512-fCPfO1XJ2NQpH/Q0egUzHWyK+yf/ngaMQ/O67EcwMV/2OqUOlydwsGpJGGgKrvyauMiNdxIe1mY++Ea3YfYCGA=="
    }
  }
}
